
Microsoft Visual Studio Solution File, Format Version 12.00
# Visual Studio 14
VisualStudioVersion = 14.0.25420.1
MinimumVisualStudioVersion = 10.0.40219.1
Project("{FAE04EC0-301F-11D3-BF4B-00C04F79EFBC}") = "SF55-2016", "SF55-2016\SF55-2016.csproj", "{FC5F1E75-4358-4B51-A6E4-5A57BB7C47DD}"
EndProject
Global
	GlobalSection(SolutionConfigurationPlatforms) = preSolution
		Debug|Any CPU = Debug|Any CPU
		Release|Any CPU = Release|Any CPU
	EndGlobalSection
	GlobalSection(ProjectConfigurationPlatforms) = postSolution
		{FC5F1E75-4358-4B51-A6E4-5A57BB7C47DD}.Debug|Any CPU.ActiveCfg = Debug|Any CPU
		{FC5F1E75-4358-4B51-A6E4-5A57BB7C47DD}.Debug|Any CPU.Build.0 = Debug|Any CPU
		{FC5F1E75-4358-4B51-A6E4-5A57BB7C47DD}.Release|Any CPU.ActiveCfg = Release|Any CPU
		{FC5F1E75-4358-4B51-A6E4-5A57BB7C47DD}.Release|Any CPU.Build.0 = Release|Any CPU
	EndGlobalSection
	GlobalSection(SolutionProperties) = preSolution
		HideSolutionNode = FALSE
	EndGlobalSection
EndGlobal
